
Microsoft Visual Studio Solution File, Format Version 12.00
# Visual Studio Version 17
VisualStudioVersion = 17.5.33424.131
MinimumVisualStudioVersion = 10.0.40219.1
Project("{FAE04EC0-301F-11D3-BF4B-00C04F79EFBC}") = "Task_1", "Task_1\Task_1.csproj", "{0D11856A-60FF-4AEB-94C6-5F7712A0B85E}"
EndProject
Global
	GlobalSection(SolutionConfigurationPlatforms) = preSolution
		Debug|Any CPU = Debug|Any CPU
		Release|Any CPU = Release|Any CPU
	EndGlobalSection
	GlobalSection(ProjectConfigurationPlatforms) = postSolution
		{0D11856A-60FF-4AEB-94C6-5F7712A0B85E}.Debug|Any CPU.ActiveCfg = Debug|Any CPU
		{0D11856A-60FF-4AEB-94C6-5F7712A0B85E}.Debug|Any CPU.Build.0 = Debug|Any CPU
		{0D11856A-60FF-4AEB-94C6-5F7712A0B85E}.Release|Any CPU.ActiveCfg = Release|Any CPU
		{0D11856A-60FF-4AEB-94C6-5F7712A0B85E}.Release|Any CPU.Build.0 = Release|Any CPU
	EndGlobalSection
	GlobalSection(SolutionProperties) = preSolution
		HideSolutionNode = FALSE
	EndGlobalSection
	GlobalSection(ExtensibilityGlobals) = postSolution
		SolutionGuid = {D5BC1CEA-B599-456D-BEB5-BAEDF0907003}
	EndGlobalSection
EndGlobal
